
Microsoft Visual Studio Solution File, Format Version 12.00
# Visual Studio 2012
Project("{FAE04EC0-301F-11D3-BF4B-00C04F79EFBC}") = "TestPlayground", "TestPlayground\TestPlayground.csproj", "{43B2AB39-0216-42E4-A735-042275218FEA}"
EndProject
Project("{FAE04EC0-301F-11D3-BF4B-00C04F79EFBC}") = "TestPlayground.Business", "TestPlayground.Business\TestPlayground.Business.csproj", "{D6049700-3FB4-48C0-AE3B-CED09FE3DBDB}"
EndProject
Project("{FAE04EC0-301F-11D3-BF4B-00C04F79EFBC}") = "TestPlayground.xUnitTests", "TestPlayground.xUnitTests\TestPlayground.xUnitTests.csproj", "{49B28521-3B71-436D-9DD4-7433A34D555F}"
EndProject
Project("{FAE04EC0-301F-11D3-BF4B-00C04F79EFBC}") = "TestPlayground.NSubstituteTests", "TestPlayground.NSubstitute\TestPlayground.NSubstituteTests.csproj", "{AC7E26F7-0BE2-46B1-BFA1-D7B09E251778}"
EndProject
Project("{FAE04EC0-301F-11D3-BF4B-00C04F79EFBC}") = "TestPlayground.AutoFixtureTests", "TestPlayground.AutoFixtureTests\TestPlayground.AutoFixtureTests.csproj", "{7DF924A3-E3B0-4894-B2B9-A683D035F028}"
EndProject
Global
	GlobalSection(SolutionConfigurationPlatforms) = preSolution
		Debug|Any CPU = Debug|Any CPU
		Release|Any CPU = Release|Any CPU
	EndGlobalSection
	GlobalSection(ProjectConfigurationPlatforms) = postSolution
		{43B2AB39-0216-42E4-A735-042275218FEA}.Debug|Any CPU.ActiveCfg = Debug|Any CPU
		{43B2AB39-0216-42E4-A735-042275218FEA}.Debug|Any CPU.Build.0 = Debug|Any CPU
		{43B2AB39-0216-42E4-A735-042275218FEA}.Release|Any CPU.ActiveCfg = Release|Any CPU
		{43B2AB39-0216-42E4-A735-042275218FEA}.Release|Any CPU.Build.0 = Release|Any CPU
		{D6049700-3FB4-48C0-AE3B-CED09FE3DBDB}.Debug|Any CPU.ActiveCfg = Debug|Any CPU
		{D6049700-3FB4-48C0-AE3B-CED09FE3DBDB}.Debug|Any CPU.Build.0 = Debug|Any CPU
		{D6049700-3FB4-48C0-AE3B-CED09FE3DBDB}.Release|Any CPU.ActiveCfg = Release|Any CPU
		{D6049700-3FB4-48C0-AE3B-CED09FE3DBDB}.Release|Any CPU.Build.0 = Release|Any CPU
		{49B28521-3B71-436D-9DD4-7433A34D555F}.Debug|Any CPU.ActiveCfg = Debug|Any CPU
		{49B28521-3B71-436D-9DD4-7433A34D555F}.Debug|Any CPU.Build.0 = Debug|Any CPU
		{49B28521-3B71-436D-9DD4-7433A34D555F}.Release|Any CPU.ActiveCfg = Release|Any CPU
		{49B28521-3B71-436D-9DD4-7433A34D555F}.Release|Any CPU.Build.0 = Release|Any CPU
		{AC7E26F7-0BE2-46B1-BFA1-D7B09E251778}.Debug|Any CPU.ActiveCfg = Debug|Any CPU
		{AC7E26F7-0BE2-46B1-BFA1-D7B09E251778}.Debug|Any CPU.Build.0 = Debug|Any CPU
		{AC7E26F7-0BE2-46B1-BFA1-D7B09E251778}.Release|Any CPU.ActiveCfg = Release|Any CPU
		{AC7E26F7-0BE2-46B1-BFA1-D7B09E251778}.Release|Any CPU.Build.0 = Release|Any CPU
		{7DF924A3-E3B0-4894-B2B9-A683D035F028}.Debug|Any CPU.ActiveCfg = Debug|Any CPU
		{7DF924A3-E3B0-4894-B2B9-A683D035F028}.Debug|Any CPU.Build.0 = Debug|Any CPU
		{7DF924A3-E3B0-4894-B2B9-A683D035F028}.Release|Any CPU.ActiveCfg = Release|Any CPU
		{7DF924A3-E3B0-4894-B2B9-A683D035F028}.Release|Any CPU.Build.0 = Release|Any CPU
	EndGlobalSection
	GlobalSection(SolutionProperties) = preSolution
		HideSolutionNode = FALSE
	EndGlobalSection
EndGlobal
